// !$*UTF8*$!
{
	archiveVersion = 1;
	classes = {
	};
	objectVersion = 46;
	objects = {

/* Begin PBXBuildFile section */
		0F1CF79A0464F2D2E61BEF75 /* Pods_CoMS.framework in Frameworks */ = {isa = PBXBuildFile; fileRef = AE2F15FC78203FA0F868CF01 /* Pods_CoMS.framework */; };
		36191FF71F62914F00C3360D /* Utils.swift in Sources */ = {isa = PBXBuildFile; fileRef = 36191FF61F62914F00C3360D /* Utils.swift */; };
		367C96351F60D6170042DA7B /* AppDelegate.swift in Sources */ = {isa = PBXBuildFile; fileRef = 367C96341F60D6170042DA7B /* AppDelegate.swift */; };
		367C96371F60D6170042DA7B /* Test.swift in Sources */ = {isa = PBXBuildFile; fileRef = 367C96361F60D6170042DA7B /* Test.swift */; };
		367C963A1F60D6170042DA7B /* Main.storyboard in Resources */ = {isa = PBXBuildFile; fileRef = 367C96381F60D6170042DA7B /* Main.storyboard */; };
		367C963D1F60D6170042DA7B /* CoMS.xcdatamodeld in Sources */ = {isa = PBXBuildFile; fileRef = 367C963B1F60D6170042DA7B /* CoMS.xcdatamodeld */; };
		367C963F1F60D6170042DA7B /* Assets.xcassets in Resources */ = {isa = PBXBuildFile; fileRef = 367C963E1F60D6170042DA7B /* Assets.xcassets */; };
		367C96421F60D6170042DA7B /* LaunchScreen.storyboard in Resources */ = {isa = PBXBuildFile; fileRef = 367C96401F60D6170042DA7B /* LaunchScreen.storyboard */; };
		367C964D1F60D6170042DA7B /* CoMSTests.swift in Sources */ = {isa = PBXBuildFile; fileRef = 367C964C1F60D6170042DA7B /* CoMSTests.swift */; };
		367C96581F60D6170042DA7B /* CoMSUITests.swift in Sources */ = {isa = PBXBuildFile; fileRef = 367C96571F60D6170042DA7B /* CoMSUITests.swift */; };
		367C966C1F60F9810042DA7B /* LoginView.swift in Sources */ = {isa = PBXBuildFile; fileRef = 367C966B1F60F9810042DA7B /* LoginView.swift */; };
		367C966E1F611EBE0042DA7B /* LoginViewModel.swift in Sources */ = {isa = PBXBuildFile; fileRef = 367C966D1F611EBE0042DA7B /* LoginViewModel.swift */; };
		367C96711F61353F0042DA7B /* DownloadAsyncTask.swift in Sources */ = {isa = PBXBuildFile; fileRef = 367C96701F61353F0042DA7B /* DownloadAsyncTask.swift */; };
		367C96761F6144F90042DA7B /* Constants.swift in Sources */ = {isa = PBXBuildFile; fileRef = 367C96751F6144F90042DA7B /* Constants.swift */; };
		367C96781F614D160042DA7B /* DebugLog.swift in Sources */ = {isa = PBXBuildFile; fileRef = 367C96771F614D160042DA7B /* DebugLog.swift */; };
		368291B31F622F1100289798 /* ResponseData.swift in Sources */ = {isa = PBXBuildFile; fileRef = 368291B21F622F1100289798 /* ResponseData.swift */; };
		368291B51F62401000289798 /* ConferenceMap.swift in Sources */ = {isa = PBXBuildFile; fileRef = 368291B41F62401000289798 /* ConferenceMap.swift */; };
		368291B71F62474900289798 /* Profile.swift in Sources */ = {isa = PBXBuildFile; fileRef = 368291B61F62474900289798 /* Profile.swift */; };
		368291B91F62485600289798 /* PastConference.swift in Sources */ = {isa = PBXBuildFile; fileRef = 368291B81F62485600289798 /* PastConference.swift */; };
		368291BB1F624B3100289798 /* User.swift in Sources */ = {isa = PBXBuildFile; fileRef = 368291BA1F624B3100289798 /* User.swift */; };
		3688EADF1F66194300D7728A /* TableViewCellMenu.swift in Sources */ = {isa = PBXBuildFile; fileRef = 3688EADE1F66194300D7728A /* TableViewCellMenu.swift */; };
		3688EAE71F66196C00D7728A /* ViewController.swift in Sources */ = {isa = PBXBuildFile; fileRef = 3688EAE01F66196C00D7728A /* ViewController.swift */; };
		3688EAE81F66196C00D7728A /* OnScheduleViewController.swift in Sources */ = {isa = PBXBuildFile; fileRef = 3688EAE11F66196C00D7728A /* OnScheduleViewController.swift */; };
		3688EAE91F66196C00D7728A /* ConferenceViewController.swift in Sources */ = {isa = PBXBuildFile; fileRef = 3688EAE21F66196C00D7728A /* ConferenceViewController.swift */; };
		3688EAEA1F66196C00D7728A /* ProfileViewController.swift in Sources */ = {isa = PBXBuildFile; fileRef = 3688EAE31F66196C00D7728A /* ProfileViewController.swift */; };
		3688EAEB1F66196C00D7728A /* MessageViewController.swift in Sources */ = {isa = PBXBuildFile; fileRef = 3688EAE41F66196C00D7728A /* MessageViewController.swift */; };
		3688EAEC1F66196C00D7728A /* NotificationViewController.swift in Sources */ = {isa = PBXBuildFile; fileRef = 3688EAE51F66196C00D7728A /* NotificationViewController.swift */; };
		3688EAED1F66196C00D7728A /* SettingViewController.swift in Sources */ = {isa = PBXBuildFile; fileRef = 3688EAE61F66196C00D7728A /* SettingViewController.swift */; };
		3688EAF01F6619BF00D7728A /* UIViewExtension.swift in Sources */ = {isa = PBXBuildFile; fileRef = 3688EAEF1F6619BF00D7728A /* UIViewExtension.swift */; };
		3688EAF21F661B3400D7728A /* BookmarkController.swift in Sources */ = {isa = PBXBuildFile; fileRef = 3688EAF11F661B3400D7728A /* BookmarkController.swift */; };
		3688EAF41F661F5E00D7728A /* UIImageViewExtension.swift in Sources */ = {isa = PBXBuildFile; fileRef = 3688EAF31F661F5E00D7728A /* UIImageViewExtension.swift */; };
		9E6BA7B646CCE52D7C197855 /* Pods_CoMSTests.framework in Frameworks */ = {isa = PBXBuildFile; fileRef = BC9B9FD20B4BFEFDEFE2619C /* Pods_CoMSTests.framework */; };
		CCD2C21ADAD3336D088FFE6C /* Pods_CoMSUITests.framework in Frameworks */ = {isa = PBXBuildFile; fileRef = 03CBE34C8BD3DDF16B291CC6 /* Pods_CoMSUITests.framework */; };
/* End PBXBuildFile section */

/* Begin PBXContainerItemProxy section */
		367C96491F60D6170042DA7B /* PBXContainerItemProxy */ = {
			isa = PBXContainerItemProxy;
			containerPortal = 367C96291F60D6170042DA7B /* Project object */;
			proxyType = 1;
			remoteGlobalIDString = 367C96301F60D6170042DA7B;
			remoteInfo = CoMS;
		};
		367C96541F60D6170042DA7B /* PBXContainerItemProxy */ = {
			isa = PBXContainerItemProxy;
			containerPortal = 367C96291F60D6170042DA7B /* Project object */;
			proxyType = 1;
			remoteGlobalIDString = 367C96301F60D6170042DA7B;
			remoteInfo = CoMS;
		};
/* End PBXContainerItemProxy section */

/* Begin PBXFileReference section */
		03CBE34C8BD3DDF16B291CC6 /* Pods_CoMSUITests.framework */ = {isa = PBXFileReference; explicitFileType = wrapper.framework; includeInIndex = 0; path = Pods_CoMSUITests.framework; sourceTree = BUILT_PRODUCTS_DIR; };
		17D29E435AAA2BD44C25A651 /* Pods-CoMS.debug.xcconfig */ = {isa = PBXFileReference; includeInIndex = 1; lastKnownFileType = text.xcconfig; name = "Pods-CoMS.debug.xcconfig"; path = "Pods/Target Support Files/Pods-CoMS/Pods-CoMS.debug.xcconfig"; sourceTree = "<group>"; };
		36191FF61F62914F00C3360D /* Utils.swift */ = {isa = PBXFileReference; fileEncoding = 4; lastKnownFileType = sourcecode.swift; path = Utils.swift; sourceTree = "<group>"; };
		367C96311F60D6170042DA7B /* CoMS.app */ = {isa = PBXFileReference; explicitFileType = wrapper.application; includeInIndex = 0; path = CoMS.app; sourceTree = BUILT_PRODUCTS_DIR; };
		367C96341F60D6170042DA7B /* AppDelegate.swift */ = {isa = PBXFileReference; lastKnownFileType = sourcecode.swift; path = AppDelegate.swift; sourceTree = "<group>"; };
		367C96361F60D6170042DA7B /* Test.swift */ = {isa = PBXFileReference; lastKnownFileType = sourcecode.swift; path = Test.swift; sourceTree = "<group>"; };
		367C96391F60D6170042DA7B /* Base */ = {isa = PBXFileReference; lastKnownFileType = file.storyboard; name = Base; path = Base.lproj/Main.storyboard; sourceTree = "<group>"; };
		367C963C1F60D6170042DA7B /* CoMS.xcdatamodel */ = {isa = PBXFileReference; lastKnownFileType = wrapper.xcdatamodel; path = CoMS.xcdatamodel; sourceTree = "<group>"; };
		367C963E1F60D6170042DA7B /* Assets.xcassets */ = {isa = PBXFileReference; lastKnownFileType = folder.assetcatalog; path = Assets.xcassets; sourceTree = "<group>"; };
		367C96411F60D6170042DA7B /* Base */ = {isa = PBXFileReference; lastKnownFileType = file.storyboard; name = Base; path = Base.lproj/LaunchScreen.storyboard; sourceTree = "<group>"; };
		367C96431F60D6170042DA7B /* Info.plist */ = {isa = PBXFileReference; lastKnownFileType = text.plist.xml; path = Info.plist; sourceTree = "<group>"; };
		367C96481F60D6170042DA7B /* CoMSTests.xctest */ = {isa = PBXFileReference; explicitFileType = wrapper.cfbundle; includeInIndex = 0; path = CoMSTests.xctest; sourceTree = BUILT_PRODUCTS_DIR; };
		367C964C1F60D6170042DA7B /* CoMSTests.swift */ = {isa = PBXFileReference; lastKnownFileType = sourcecode.swift; path = CoMSTests.swift; sourceTree = "<group>"; };
		367C964E1F60D6170042DA7B /* Info.plist */ = {isa = PBXFileReference; lastKnownFileType = text.plist.xml; path = Info.plist; sourceTree = "<group>"; };
		367C96531F60D6170042DA7B /* CoMSUITests.xctest */ = {isa = PBXFileReference; explicitFileType = wrapper.cfbundle; includeInIndex = 0; path = CoMSUITests.xctest; sourceTree = BUILT_PRODUCTS_DIR; };
		367C96571F60D6170042DA7B /* CoMSUITests.swift */ = {isa = PBXFileReference; lastKnownFileType = sourcecode.swift; path = CoMSUITests.swift; sourceTree = "<group>"; };
		367C96591F60D6170042DA7B /* Info.plist */ = {isa = PBXFileReference; lastKnownFileType = text.plist.xml; path = Info.plist; sourceTree = "<group>"; };
		367C966B1F60F9810042DA7B /* LoginView.swift */ = {isa = PBXFileReference; fileEncoding = 4; lastKnownFileType = sourcecode.swift; path = LoginView.swift; sourceTree = "<group>"; };
		367C966D1F611EBE0042DA7B /* LoginViewModel.swift */ = {isa = PBXFileReference; fileEncoding = 4; lastKnownFileType = sourcecode.swift; path = LoginViewModel.swift; sourceTree = "<group>"; };
		367C96701F61353F0042DA7B /* DownloadAsyncTask.swift */ = {isa = PBXFileReference; fileEncoding = 4; lastKnownFileType = sourcecode.swift; path = DownloadAsyncTask.swift; sourceTree = "<group>"; };
		367C96751F6144F90042DA7B /* Constants.swift */ = {isa = PBXFileReference; fileEncoding = 4; lastKnownFileType = sourcecode.swift; path = Constants.swift; sourceTree = "<group>"; };
		367C96771F614D160042DA7B /* DebugLog.swift */ = {isa = PBXFileReference; fileEncoding = 4; lastKnownFileType = sourcecode.swift; path = DebugLog.swift; sourceTree = "<group>"; };
		368291B21F622F1100289798 /* ResponseData.swift */ = {isa = PBXFileReference; fileEncoding = 4; lastKnownFileType = sourcecode.swift; path = ResponseData.swift; sourceTree = "<group>"; };
		368291B41F62401000289798 /* ConferenceMap.swift */ = {isa = PBXFileReference; fileEncoding = 4; lastKnownFileType = sourcecode.swift; path = ConferenceMap.swift; sourceTree = "<group>"; };
		368291B61F62474900289798 /* Profile.swift */ = {isa = PBXFileReference; fileEncoding = 4; lastKnownFileType = sourcecode.swift; path = Profile.swift; sourceTree = "<group>"; };
		368291B81F62485600289798 /* PastConference.swift */ = {isa = PBXFileReference; fileEncoding = 4; lastKnownFileType = sourcecode.swift; path = PastConference.swift; sourceTree = "<group>"; };
		368291BA1F624B3100289798 /* User.swift */ = {isa = PBXFileReference; fileEncoding = 4; lastKnownFileType = sourcecode.swift; path = User.swift; sourceTree = "<group>"; };
		3688EADE1F66194300D7728A /* TableViewCellMenu.swift */ = {isa = PBXFileReference; fileEncoding = 4; lastKnownFileType = sourcecode.swift; path = TableViewCellMenu.swift; sourceTree = "<group>"; };
		3688EAE01F66196C00D7728A /* ViewController.swift */ = {isa = PBXFileReference; fileEncoding = 4; lastKnownFileType = sourcecode.swift; path = ViewController.swift; sourceTree = "<group>"; };
		3688EAE11F66196C00D7728A /* OnScheduleViewController.swift */ = {isa = PBXFileReference; fileEncoding = 4; lastKnownFileType = sourcecode.swift; path = OnScheduleViewController.swift; sourceTree = "<group>"; };
		3688EAE21F66196C00D7728A /* ConferenceViewController.swift */ = {isa = PBXFileReference; fileEncoding = 4; lastKnownFileType = sourcecode.swift; path = ConferenceViewController.swift; sourceTree = "<group>"; };
		3688EAE31F66196C00D7728A /* ProfileViewController.swift */ = {isa = PBXFileReference; fileEncoding = 4; lastKnownFileType = sourcecode.swift; path = ProfileViewController.swift; sourceTree = "<group>"; };
		3688EAE41F66196C00D7728A /* MessageViewController.swift */ = {isa = PBXFileReference; fileEncoding = 4; lastKnownFileType = sourcecode.swift; path = MessageViewController.swift; sourceTree = "<group>"; };
		3688EAE51F66196C00D7728A /* NotificationViewController.swift */ = {isa = PBXFileReference; fileEncoding = 4; lastKnownFileType = sourcecode.swift; path = NotificationViewController.swift; sourceTree = "<group>"; };
		3688EAE61F66196C00D7728A /* SettingViewController.swift */ = {isa = PBXFileReference; fileEncoding = 4; lastKnownFileType = sourcecode.swift; path = SettingViewController.swift; sourceTree = "<group>"; };
		3688EAEF1F6619BF00D7728A /* UIViewExtension.swift */ = {isa = PBXFileReference; fileEncoding = 4; lastKnownFileType = sourcecode.swift; path = UIViewExtension.swift; sourceTree = "<group>"; };
		3688EAF11F661B3400D7728A /* BookmarkController.swift */ = {isa = PBXFileReference; fileEncoding = 4; lastKnownFileType = sourcecode.swift; path = BookmarkController.swift; sourceTree = "<group>"; };
		3688EAF31F661F5E00D7728A /* UIImageViewExtension.swift */ = {isa = PBXFileReference; fileEncoding = 4; lastKnownFileType = sourcecode.swift; path = UIImageViewExtension.swift; sourceTree = "<group>"; };
		39F933E3C7C146A340BE5DCB /* Pods-CoMSUITests.release.xcconfig */ = {isa = PBXFileReference; includeInIndex = 1; lastKnownFileType = text.xcconfig; name = "Pods-CoMSUITests.release.xcconfig"; path = "Pods/Target Support Files/Pods-CoMSUITests/Pods-CoMSUITests.release.xcconfig"; sourceTree = "<group>"; };
		40D25DEB4A94799F7C21976E /* Pods-CoMSTests.release.xcconfig */ = {isa = PBXFileReference; includeInIndex = 1; lastKnownFileType = text.xcconfig; name = "Pods-CoMSTests.release.xcconfig"; path = "Pods/Target Support Files/Pods-CoMSTests/Pods-CoMSTests.release.xcconfig"; sourceTree = "<group>"; };
		896E637A9257EE08DB105308 /* Pods-CoMSUITests.debug.xcconfig */ = {isa = PBXFileReference; includeInIndex = 1; lastKnownFileType = text.xcconfig; name = "Pods-CoMSUITests.debug.xcconfig"; path = "Pods/Target Support Files/Pods-CoMSUITests/Pods-CoMSUITests.debug.xcconfig"; sourceTree = "<group>"; };
		AE2F15FC78203FA0F868CF01 /* Pods_CoMS.framework */ = {isa = PBXFileReference; explicitFileType = wrapper.framework; includeInIndex = 0; path = Pods_CoMS.framework; sourceTree = BUILT_PRODUCTS_DIR; };
		B3D5C3275B1C5A79706A51D8 /* Pods-CoMSTests.debug.xcconfig */ = {isa = PBXFileReference; includeInIndex = 1; lastKnownFileType = text.xcconfig; name = "Pods-CoMSTests.debug.xcconfig"; path = "Pods/Target Support Files/Pods-CoMSTests/Pods-CoMSTests.debug.xcconfig"; sourceTree = "<group>"; };
		BC9B9FD20B4BFEFDEFE2619C /* Pods_CoMSTests.framework */ = {isa = PBXFileReference; explicitFileType = wrapper.framework; includeInIndex = 0; path = Pods_CoMSTests.framework; sourceTree = BUILT_PRODUCTS_DIR; };
		F5E50CDCEE1A37C5D78122DA /* Pods-CoMS.release.xcconfig */ = {isa = PBXFileReference; includeInIndex = 1; lastKnownFileType = text.xcconfig; name = "Pods-CoMS.release.xcconfig"; path = "Pods/Target Support Files/Pods-CoMS/Pods-CoMS.release.xcconfig"; sourceTree = "<group>"; };
/* End PBXFileReference section */

/* Begin PBXFrameworksBuildPhase section */
		367C962E1F60D6170042DA7B /* Frameworks */ = {
			isa = PBXFrameworksBuildPhase;
			buildActionMask = 2147483647;
			files = (
				0F1CF79A0464F2D2E61BEF75 /* Pods_CoMS.framework in Frameworks */,
			);
			runOnlyForDeploymentPostprocessing = 0;
		};
		367C96451F60D6170042DA7B /* Frameworks */ = {
			isa = PBXFrameworksBuildPhase;
			buildActionMask = 2147483647;
			files = (
				9E6BA7B646CCE52D7C197855 /* Pods_CoMSTests.framework in Frameworks */,
			);
			runOnlyForDeploymentPostprocessing = 0;
		};
		367C96501F60D6170042DA7B /* Frameworks */ = {
			isa = PBXFrameworksBuildPhase;
			buildActionMask = 2147483647;
			files = (
				CCD2C21ADAD3336D088FFE6C /* Pods_CoMSUITests.framework in Frameworks */,
			);
			runOnlyForDeploymentPostprocessing = 0;
		};
/* End PBXFrameworksBuildPhase section */

/* Begin PBXGroup section */
		0A892DBB7D944FBB395A5750 /* Frameworks */ = {
			isa = PBXGroup;
			children = (
				AE2F15FC78203FA0F868CF01 /* Pods_CoMS.framework */,
				BC9B9FD20B4BFEFDEFE2619C /* Pods_CoMSTests.framework */,
				03CBE34C8BD3DDF16B291CC6 /* Pods_CoMSUITests.framework */,
			);
			name = Frameworks;
			sourceTree = "<group>";
		};
		367C96281F60D6170042DA7B = {
			isa = PBXGroup;
			children = (
				367C96331F60D6170042DA7B /* CoMS */,
				367C964B1F60D6170042DA7B /* CoMSTests */,
				367C96561F60D6170042DA7B /* CoMSUITests */,
				367C96321F60D6170042DA7B /* Products */,
				9FBD7656939DC08B45A3D0DE /* Pods */,
				0A892DBB7D944FBB395A5750 /* Frameworks */,
			);
			sourceTree = "<group>";
		};
		367C96321F60D6170042DA7B /* Products */ = {
			isa = PBXGroup;
			children = (
				367C96311F60D6170042DA7B /* CoMS.app */,
				367C96481F60D6170042DA7B /* CoMSTests.xctest */,
				367C96531F60D6170042DA7B /* CoMSUITests.xctest */,
			);
			name = Products;
			sourceTree = "<group>";
		};
		367C96331F60D6170042DA7B /* CoMS */ = {
			isa = PBXGroup;
			children = (
				3688EAEE1F66198E00D7728A /* extensions */,
				3688EACB1F6617FE00D7728A /* cells */,
				367C96741F6144DD0042DA7B /* untils */,
				367C966F1F612BB50042DA7B /* connections */,
				367C966A1F60F8870042DA7B /* views */,
				367C96671F60F6040042DA7B /* viewmodels */,
				367C96661F60F5E50042DA7B /* viewcontrollers */,
				367C96651F60F50B0042DA7B /* models */,
				367C96341F60D6170042DA7B /* AppDelegate.swift */,
				367C96381F60D6170042DA7B /* Main.storyboard */,
				367C963E1F60D6170042DA7B /* Assets.xcassets */,
				367C96401F60D6170042DA7B /* LaunchScreen.storyboard */,
				367C96431F60D6170042DA7B /* Info.plist */,
				367C963B1F60D6170042DA7B /* CoMS.xcdatamodeld */,
			);
			path = CoMS;
			sourceTree = "<group>";
		};
		367C964B1F60D6170042DA7B /* CoMSTests */ = {
			isa = PBXGroup;
			children = (
				367C964C1F60D6170042DA7B /* CoMSTests.swift */,
				367C964E1F60D6170042DA7B /* Info.plist */,
			);
			path = CoMSTests;
			sourceTree = "<group>";
		};
		367C96561F60D6170042DA7B /* CoMSUITests */ = {
			isa = PBXGroup;
			children = (
				367C96571F60D6170042DA7B /* CoMSUITests.swift */,
				367C96591F60D6170042DA7B /* Info.plist */,
			);
			path = CoMSUITests;
			sourceTree = "<group>";
		};
		367C96651F60F50B0042DA7B /* models */ = {
			isa = PBXGroup;
			children = (
				368291B21F622F1100289798 /* ResponseData.swift */,
				368291B41F62401000289798 /* ConferenceMap.swift */,
				368291B61F62474900289798 /* Profile.swift */,
				368291B81F62485600289798 /* PastConference.swift */,
				368291BA1F624B3100289798 /* User.swift */,
			);
			name = models;
			sourceTree = "<group>";
		};
		367C96661F60F5E50042DA7B /* viewcontrollers */ = {
			isa = PBXGroup;
			children = (
				367C96361F60D6170042DA7B /* Test.swift */,
				3688EAE01F66196C00D7728A /* ViewController.swift */,
				3688EAE11F66196C00D7728A /* OnScheduleViewController.swift */,
				3688EAE21F66196C00D7728A /* ConferenceViewController.swift */,
				3688EAE31F66196C00D7728A /* ProfileViewController.swift */,
				3688EAE41F66196C00D7728A /* MessageViewController.swift */,
				3688EAE51F66196C00D7728A /* NotificationViewController.swift */,
				3688EAE61F66196C00D7728A /* SettingViewController.swift */,
				3688EAF11F661B3400D7728A /* BookmarkController.swift */,
			);
			name = viewcontrollers;
			sourceTree = "<group>";
		};
		367C96671F60F6040042DA7B /* viewmodels */ = {
			isa = PBXGroup;
			children = (
				367C966D1F611EBE0042DA7B /* LoginViewModel.swift */,
			);
			name = viewmodels;
			sourceTree = "<group>";
		};
		367C966A1F60F8870042DA7B /* views */ = {
			isa = PBXGroup;
			children = (
				367C966B1F60F9810042DA7B /* LoginView.swift */,
			);
			name = views;
			sourceTree = "<group>";
		};
		367C966F1F612BB50042DA7B /* connections */ = {
			isa = PBXGroup;
			children = (
				367C96701F61353F0042DA7B /* DownloadAsyncTask.swift */,
			);
			name = connections;
			sourceTree = "<group>";
		};
		367C96741F6144DD0042DA7B /* untils */ = {
			isa = PBXGroup;
			children = (
				367C96751F6144F90042DA7B /* Constants.swift */,
				367C96771F614D160042DA7B /* DebugLog.swift */,
				36191FF61F62914F00C3360D /* Utils.swift */,
			);
			name = untils;
			sourceTree = "<group>";
		};
		3688EACB1F6617FE00D7728A /* cells */ = {
			isa = PBXGroup;
			children = (
				3688EADE1F66194300D7728A /* TableViewCellMenu.swift */,
			);
			name = cells;
			sourceTree = "<group>";
		};
		3688EAEE1F66198E00D7728A /* extensions */ = {
			isa = PBXGroup;
			children = (
				3688EAEF1F6619BF00D7728A /* UIViewExtension.swift */,
				3688EAF31F661F5E00D7728A /* UIImageViewExtension.swift */,
			);
			name = extensions;
			sourceTree = "<group>";
		};
		9FBD7656939DC08B45A3D0DE /* Pods */ = {
			isa = PBXGroup;
			children = (
				17D29E435AAA2BD44C25A651 /* Pods-CoMS.debug.xcconfig */,
				F5E50CDCEE1A37C5D78122DA /* Pods-CoMS.release.xcconfig */,
				B3D5C3275B1C5A79706A51D8 /* Pods-CoMSTests.debug.xcconfig */,
				40D25DEB4A94799F7C21976E /* Pods-CoMSTests.release.xcconfig */,
				896E637A9257EE08DB105308 /* Pods-CoMSUITests.debug.xcconfig */,
				39F933E3C7C146A340BE5DCB /* Pods-CoMSUITests.release.xcconfig */,
			);
			name = Pods;
			sourceTree = "<group>";
		};
/* End PBXGroup section */

/* Begin PBXNativeTarget section */
		367C96301F60D6170042DA7B /* CoMS */ = {
			isa = PBXNativeTarget;
			buildConfigurationList = 367C965C1F60D6170042DA7B /* Build configuration list for PBXNativeTarget "CoMS" */;
			buildPhases = (
				FEECBE5B963FAAC2F779C59D /* [CP] Check Pods Manifest.lock */,
				367C962D1F60D6170042DA7B /* Sources */,
				367C962E1F60D6170042DA7B /* Frameworks */,
				367C962F1F60D6170042DA7B /* Resources */,
				8DC21BF62861F31D6BC9AF45 /* [CP] Embed Pods Frameworks */,
				3A0383AFB3A36CB1E6F570CD /* [CP] Copy Pods Resources */,
			);
			buildRules = (
			);
			dependencies = (
			);
			name = CoMS;
			productName = CoMS;
			productReference = 367C96311F60D6170042DA7B /* CoMS.app */;
			productType = "com.apple.product-type.application";
		};
		367C96471F60D6170042DA7B /* CoMSTests */ = {
			isa = PBXNativeTarget;
			buildConfigurationList = 367C965F1F60D6170042DA7B /* Build configuration list for PBXNativeTarget "CoMSTests" */;
			buildPhases = (
				30160BC28F202C453D7233F9 /* [CP] Check Pods Manifest.lock */,
				367C96441F60D6170042DA7B /* Sources */,
				367C96451F60D6170042DA7B /* Frameworks */,
				367C96461F60D6170042DA7B /* Resources */,
				350561E0E37167FAAFB517A0 /* [CP] Embed Pods Frameworks */,
				D169C293C626D55E956096A0 /* [CP] Copy Pods Resources */,
			);
			buildRules = (
			);
			dependencies = (
				367C964A1F60D6170042DA7B /* PBXTargetDependency */,
			);
			name = CoMSTests;
			productName = CoMSTests;
			productReference = 367C96481F60D6170042DA7B /* CoMSTests.xctest */;
			productType = "com.apple.product-type.bundle.unit-test";
		};
		367C96521F60D6170042DA7B /* CoMSUITests */ = {
			isa = PBXNativeTarget;
			buildConfigurationList = 367C96621F60D6170042DA7B /* Build configuration list for PBXNativeTarget "CoMSUITests" */;
			buildPhases = (
				DF614ED882E3AF879F2F1A8A /* [CP] Check Pods Manifest.lock */,
				367C964F1F60D6170042DA7B /* Sources */,
				367C96501F60D6170042DA7B /* Frameworks */,
				367C96511F60D6170042DA7B /* Resources */,
				C5C15FC8282822D1AA1D84D3 /* [CP] Embed Pods Frameworks */,
				79B543FA1BBEFC310A228F8A /* [CP] Copy Pods Resources */,
			);
			buildRules = (
			);
			dependencies = (
				367C96551F60D6170042DA7B /* PBXTargetDependency */,
			);
			name = CoMSUITests;
			productName = CoMSUITests;
			productReference = 367C96531F60D6170042DA7B /* CoMSUITests.xctest */;
			productType = "com.apple.product-type.bundle.ui-testing";
		};
/* End PBXNativeTarget section */

/* Begin PBXProject section */
		367C96291F60D6170042DA7B /* Project object */ = {
			isa = PBXProject;
			attributes = {
				LastSwiftUpdateCheck = 0830;
				LastUpgradeCheck = 0830;
				ORGANIZATIONNAME = "Pham Van Thien";
				TargetAttributes = {
					367C96301F60D6170042DA7B = {
						CreatedOnToolsVersion = 8.3.3;
						ProvisioningStyle = Automatic;
					};
					367C96471F60D6170042DA7B = {
						CreatedOnToolsVersion = 8.3.3;
						ProvisioningStyle = Automatic;
						TestTargetID = 367C96301F60D6170042DA7B;
					};
					367C96521F60D6170042DA7B = {
						CreatedOnToolsVersion = 8.3.3;
						ProvisioningStyle = Automatic;
						TestTargetID = 367C96301F60D6170042DA7B;
					};
				};
			};
			buildConfigurationList = 367C962C1F60D6170042DA7B /* Build configuration list for PBXProject "CoMS" */;
			compatibilityVersion = "Xcode 3.2";
			developmentRegion = English;
			hasScannedForEncodings = 0;
			knownRegions = (
				en,
				Base,
			);
			mainGroup = 367C96281F60D6170042DA7B;
			productRefGroup = 367C96321F60D6170042DA7B /* Products */;
			projectDirPath = "";
			projectRoot = "";
			targets = (
				367C96301F60D6170042DA7B /* CoMS */,
				367C96471F60D6170042DA7B /* CoMSTests */,
				367C96521F60D6170042DA7B /* CoMSUITests */,
			);
		};
/* End PBXProject section */

/* Begin PBXResourcesBuildPhase section */
		367C962F1F60D6170042DA7B /* Resources */ = {
			isa = PBXResourcesBuildPhase;
			buildActionMask = 2147483647;
			files = (
				367C96421F60D6170042DA7B /* LaunchScreen.storyboard in Resources */,
				367C963F1F60D6170042DA7B /* Assets.xcassets in Resources */,
				367C963A1F60D6170042DA7B /* Main.storyboard in Resources */,
			);
			runOnlyForDeploymentPostprocessing = 0;
		};
		367C96461F60D6170042DA7B /* Resources */ = {
			isa = PBXResourcesBuildPhase;
			buildActionMask = 2147483647;
			files = (
			);
			runOnlyForDeploymentPostprocessing = 0;
		};
		367C96511F60D6170042DA7B /* Resources */ = {
			isa = PBXResourcesBuildPhase;
			buildActionMask = 2147483647;
			files = (
			);
			runOnlyForDeploymentPostprocessing = 0;
		};
/* End PBXResourcesBuildPhase section */

/* Begin PBXShellScriptBuildPhase section */
		30160BC28F202C453D7233F9 /* [CP] Check Pods Manifest.lock */ = {
			isa = PBXShellScriptBuildPhase;
			buildActionMask = 2147483647;
			files = (
			);
			inputPaths = (
				"${PODS_PODFILE_DIR_PATH}/Podfile.lock",
				"${PODS_ROOT}/Manifest.lock",
			);
			name = "[CP] Check Pods Manifest.lock";
			outputPaths = (
				"$(DERIVED_FILE_DIR)/Pods-CoMSTests-checkManifestLockResult.txt",
			);
			runOnlyForDeploymentPostprocessing = 0;
			shellPath = /bin/sh;
			shellScript = "diff \"${PODS_PODFILE_DIR_PATH}/Podfile.lock\" \"${PODS_ROOT}/Manifest.lock\" > /dev/null\nif [ $? != 0 ] ; then\n    # print error to STDERR\n    echo \"error: The sandbox is not in sync with the Podfile.lock. Run 'pod install' or update your CocoaPods installation.\" >&2\n    exit 1\nfi\n# This output is used by Xcode 'outputs' to avoid re-running this script phase.\necho \"SUCCESS\" > \"${SCRIPT_OUTPUT_FILE_0}\"\n";
			showEnvVarsInLog = 0;
		};
		350561E0E37167FAAFB517A0 /* [CP] Embed Pods Frameworks */ = {
			isa = PBXShellScriptBuildPhase;
			buildActionMask = 2147483647;
			files = (
			);
			inputPaths = (
			);
			name = "[CP] Embed Pods Frameworks";
			outputPaths = (
			);
			runOnlyForDeploymentPostprocessing = 0;
			shellPath = /bin/sh;
			shellScript = "\"${SRCROOT}/Pods/Target Support Files/Pods-CoMSTests/Pods-CoMSTests-frameworks.sh\"\n";
			showEnvVarsInLog = 0;
		};
		3A0383AFB3A36CB1E6F570CD /* [CP] Copy Pods Resources */ = {
			isa = PBXShellScriptBuildPhase;
			buildActionMask = 2147483647;
			files = (
			);
			inputPaths = (
			);
			name = "[CP] Copy Pods Resources";
			outputPaths = (
			);
			runOnlyForDeploymentPostprocessing = 0;
			shellPath = /bin/sh;
			shellScript = "\"${SRCROOT}/Pods/Target Support Files/Pods-CoMS/Pods-CoMS-resources.sh\"\n";
			showEnvVarsInLog = 0;
		};
		79B543FA1BBEFC310A228F8A /* [CP] Copy Pods Resources */ = {
			isa = PBXShellScriptBuildPhase;
			buildActionMask = 2147483647;
			files = (
			);
			inputPaths = (
			);
			name = "[CP] Copy Pods Resources";
			outputPaths = (
			);
			runOnlyForDeploymentPostprocessing = 0;
			shellPath = /bin/sh;
			shellScript = "\"${SRCROOT}/Pods/Target Support Files/Pods-CoMSUITests/Pods-CoMSUITests-resources.sh\"\n";
			showEnvVarsInLog = 0;
		};
		8DC21BF62861F31D6BC9AF45 /* [CP] Embed Pods Frameworks */ = {
			isa = PBXShellScriptBuildPhase;
			buildActionMask = 2147483647;
			files = (
			);
			inputPaths = (
				"${SRCROOT}/Pods/Target Support Files/Pods-CoMS/Pods-CoMS-frameworks.sh",
				"${BUILT_PRODUCTS_DIR}/HandyJSON/HandyJSON.framework",
				"${BUILT_PRODUCTS_DIR}/SwiftOverlays/SwiftOverlays.framework",
			);
			name = "[CP] Embed Pods Frameworks";
			outputPaths = (
				"${TARGET_BUILD_DIR}/${FRAMEWORKS_FOLDER_PATH}/HandyJSON.framework",
				"${TARGET_BUILD_DIR}/${FRAMEWORKS_FOLDER_PATH}/SwiftOverlays.framework",
			);
			runOnlyForDeploymentPostprocessing = 0;
			shellPath = /bin/sh;
			shellScript = "\"${SRCROOT}/Pods/Target Support Files/Pods-CoMS/Pods-CoMS-frameworks.sh\"\n";
			showEnvVarsInLog = 0;
		};
		C5C15FC8282822D1AA1D84D3 /* [CP] Embed Pods Frameworks */ = {
			isa = PBXShellScriptBuildPhase;
			buildActionMask = 2147483647;
			files = (
			);
			inputPaths = (
			);
			name = "[CP] Embed Pods Frameworks";
			outputPaths = (
			);
			runOnlyForDeploymentPostprocessing = 0;
			shellPath = /bin/sh;
			shellScript = "\"${SRCROOT}/Pods/Target Support Files/Pods-CoMSUITests/Pods-CoMSUITests-frameworks.sh\"\n";
			showEnvVarsInLog = 0;
		};
		D169C293C626D55E956096A0 /* [CP] Copy Pods Resources */ = {
			isa = PBXShellScriptBuildPhase;
			buildActionMask = 2147483647;
			files = (
			);
			inputPaths = (
			);
			name = "[CP] Copy Pods Resources";
			outputPaths = (
			);
			runOnlyForDeploymentPostprocessing = 0;
			shellPath = /bin/sh;
			shellScript = "\"${SRCROOT}/Pods/Target Support Files/Pods-CoMSTests/Pods-CoMSTests-resources.sh\"\n";
			showEnvVarsInLog = 0;
		};
		DF614ED882E3AF879F2F1A8A /* [CP] Check Pods Manifest.lock */ = {
			isa = PBXShellScriptBuildPhase;
			buildActionMask = 2147483647;
			files = (
			);
			inputPaths = (
				"${PODS_PODFILE_DIR_PATH}/Podfile.lock",
				"${PODS_ROOT}/Manifest.lock",
			);
			name = "[CP] Check Pods Manifest.lock";
			outputPaths = (
				"$(DERIVED_FILE_DIR)/Pods-CoMSUITests-checkManifestLockResult.txt",
			);
			runOnlyForDeploymentPostprocessing = 0;
			shellPath = /bin/sh;
			shellScript = "diff \"${PODS_PODFILE_DIR_PATH}/Podfile.lock\" \"${PODS_ROOT}/Manifest.lock\" > /dev/null\nif [ $? != 0 ] ; then\n    # print error to STDERR\n    echo \"error: The sandbox is not in sync with the Podfile.lock. Run 'pod install' or update your CocoaPods installation.\" >&2\n    exit 1\nfi\n# This output is used by Xcode 'outputs' to avoid re-running this script phase.\necho \"SUCCESS\" > \"${SCRIPT_OUTPUT_FILE_0}\"\n";
			showEnvVarsInLog = 0;
		};
		FEECBE5B963FAAC2F779C59D /* [CP] Check Pods Manifest.lock */ = {
			isa = PBXShellScriptBuildPhase;
			buildActionMask = 2147483647;
			files = (
			);
			inputPaths = (
				"${PODS_PODFILE_DIR_PATH}/Podfile.lock",
				"${PODS_ROOT}/Manifest.lock",
			);
			name = "[CP] Check Pods Manifest.lock";
			outputPaths = (
				"$(DERIVED_FILE_DIR)/Pods-CoMS-checkManifestLockResult.txt",
			);
			runOnlyForDeploymentPostprocessing = 0;
			shellPath = /bin/sh;
			shellScript = "diff \"${PODS_PODFILE_DIR_PATH}/Podfile.lock\" \"${PODS_ROOT}/Manifest.lock\" > /dev/null\nif [ $? != 0 ] ; then\n    # print error to STDERR\n    echo \"error: The sandbox is not in sync with the Podfile.lock. Run 'pod install' or update your CocoaPods installation.\" >&2\n    exit 1\nfi\n# This output is used by Xcode 'outputs' to avoid re-running this script phase.\necho \"SUCCESS\" > \"${SCRIPT_OUTPUT_FILE_0}\"\n";
			showEnvVarsInLog = 0;
		};
/* End PBXShellScriptBuildPhase section */

/* Begin PBXSourcesBuildPhase section */
		367C962D1F60D6170042DA7B /* Sources */ = {
			isa = PBXSourcesBuildPhase;
			buildActionMask = 2147483647;
			files = (
				3688EAF41F661F5E00D7728A /* UIImageViewExtension.swift in Sources */,
				368291BB1F624B3100289798 /* User.swift in Sources */,
				3688EAED1F66196C00D7728A /* SettingViewController.swift in Sources */,
				368291B51F62401000289798 /* ConferenceMap.swift in Sources */,
				3688EAE91F66196C00D7728A /* ConferenceViewController.swift in Sources */,
				368291B71F62474900289798 /* Profile.swift in Sources */,
				3688EAF21F661B3400D7728A /* BookmarkController.swift in Sources */,
				36191FF71F62914F00C3360D /* Utils.swift in Sources */,
				367C96371F60D6170042DA7B /* Test.swift in Sources */,
				367C966E1F611EBE0042DA7B /* LoginViewModel.swift in Sources */,
				368291B31F622F1100289798 /* ResponseData.swift in Sources */,
				367C96781F614D160042DA7B /* DebugLog.swift in Sources */,
				3688EAEA1F66196C00D7728A /* ProfileViewController.swift in Sources */,
				367C96351F60D6170042DA7B /* AppDelegate.swift in Sources */,
				367C96711F61353F0042DA7B /* DownloadAsyncTask.swift in Sources */,
				367C966C1F60F9810042DA7B /* LoginView.swift in Sources */,
				367C963D1F60D6170042DA7B /* CoMS.xcdatamodeld in Sources */,
				3688EAEB1F66196C00D7728A /* MessageViewController.swift in Sources */,
				367C96761F6144F90042DA7B /* Constants.swift in Sources */,
				3688EADF1F66194300D7728A /* TableViewCellMenu.swift in Sources */,
				3688EAEC1F66196C00D7728A /* NotificationViewController.swift in Sources */,
				3688EAF01F6619BF00D7728A /* UIViewExtension.swift in Sources */,
				3688EAE71F66196C00D7728A /* ViewController.swift in Sources */,
				3688EAE81F66196C00D7728A /* OnScheduleViewController.swift in Sources */,
				368291B91F62485600289798 /* PastConference.swift in Sources */,
			);
			runOnlyForDeploymentPostprocessing = 0;
		};
		367C96441F60D6170042DA7B /* Sources */ = {
			isa = PBXSourcesBuildPhase;
			buildActionMask = 2147483647;
			files = (
				367C964D1F60D6170042DA7B /* CoMSTests.swift in Sources */,
			);
			runOnlyForDeploymentPostprocessing = 0;
		};
		367C964F1F60D6170042DA7B /* Sources */ = {
			isa = PBXSourcesBuildPhase;
			buildActionMask = 2147483647;
			files = (
				367C96581F60D6170042DA7B /* CoMSUITests.swift in Sources */,
			);
			runOnlyForDeploymentPostprocessing = 0;
		};
/* End PBXSourcesBuildPhase section */

/* Begin PBXTargetDependency section */
		367C964A1F60D6170042DA7B /* PBXTargetDependency */ = {
			isa = PBXTargetDependency;
			target = 367C96301F60D6170042DA7B /* CoMS */;
			targetProxy = 367C96491F60D6170042DA7B /* PBXContainerItemProxy */;
		};
		367C96551F60D6170042DA7B /* PBXTargetDependency */ = {
			isa = PBXTargetDependency;
			target = 367C96301F60D6170042DA7B /* CoMS */;
			targetProxy = 367C96541F60D6170042DA7B /* PBXContainerItemProxy */;
		};
/* End PBXTargetDependency section */

/* Begin PBXVariantGroup section */
		367C96381F60D6170042DA7B /* Main.storyboard */ = {
			isa = PBXVariantGroup;
			children = (
				367C96391F60D6170042DA7B /* Base */,
			);
			name = Main.storyboard;
			sourceTree = "<group>";
		};
		367C96401F60D6170042DA7B /* LaunchScreen.storyboard */ = {
			isa = PBXVariantGroup;
			children = (
				367C96411F60D6170042DA7B /* Base */,
			);
			name = LaunchScreen.storyboard;
			sourceTree = "<group>";
		};
/* End PBXVariantGroup section */

/* Begin XCBuildConfiguration section */
		367C965A1F60D6170042DA7B /* Debug */ = {
			isa = XCBuildConfiguration;
			buildSettings = {
				ALWAYS_SEARCH_USER_PATHS = NO;
				CLANG_ANALYZER_NONNULL = YES;
				CLANG_ANALYZER_NUMBER_OBJECT_CONVERSION = YES_AGGRESSIVE;
				CLANG_CXX_LANGUAGE_STANDARD = "gnu++0x";
				CLANG_CXX_LIBRARY = "libc++";
				CLANG_ENABLE_MODULES = YES;
				CLANG_ENABLE_OBJC_ARC = YES;
				CLANG_WARN_BOOL_CONVERSION = YES;
				CLANG_WARN_CONSTANT_CONVERSION = YES;
				CLANG_WARN_DIRECT_OBJC_ISA_USAGE = YES_ERROR;
				CLANG_WARN_DOCUMENTATION_COMMENTS = YES;
				CLANG_WARN_EMPTY_BODY = YES;
				CLANG_WARN_ENUM_CONVERSION = YES;
				CLANG_WARN_INFINITE_RECURSION = YES;
				CLANG_WARN_INT_CONVERSION = YES;
				CLANG_WARN_OBJC_ROOT_CLASS = YES_ERROR;
				CLANG_WARN_SUSPICIOUS_MOVE = YES;
				CLANG_WARN_UNREACHABLE_CODE = YES;
				CLANG_WARN__DUPLICATE_METHOD_MATCH = YES;
				"CODE_SIGN_IDENTITY[sdk=iphoneos*]" = "iPhone Developer";
				COPY_PHASE_STRIP = NO;
				DEBUG_INFORMATION_FORMAT = dwarf;
				ENABLE_STRICT_OBJC_MSGSEND = YES;
				ENABLE_TESTABILITY = YES;
				GCC_C_LANGUAGE_STANDARD = gnu99;
				GCC_DYNAMIC_NO_PIC = NO;
				GCC_NO_COMMON_BLOCKS = YES;
				GCC_OPTIMIZATION_LEVEL = 0;
				GCC_PREPROCESSOR_DEFINITIONS = (
					"DEBUG=1",
					"$(inherited)",
				);
				GCC_WARN_64_TO_32_BIT_CONVERSION = YES;
				GCC_WARN_ABOUT_RETURN_TYPE = YES_ERROR;
				GCC_WARN_UNDECLARED_SELECTOR = YES;
				GCC_WARN_UNINITIALIZED_AUTOS = YES_AGGRESSIVE;
				GCC_WARN_UNUSED_FUNCTION = YES;
				GCC_WARN_UNUSED_VARIABLE = YES;
				IPHONEOS_DEPLOYMENT_TARGET = 10.3;
				MTL_ENABLE_DEBUG_INFO = YES;
				ONLY_ACTIVE_ARCH = YES;
				SDKROOT = iphoneos;
				SWIFT_ACTIVE_COMPILATION_CONDITIONS = DEBUG;
				SWIFT_OPTIMIZATION_LEVEL = "-Onone";
			};
			name = Debug;
		};
		367C965B1F60D6170042DA7B /* Release */ = {
			isa = XCBuildConfiguration;
			buildSettings = {
				ALWAYS_SEARCH_USER_PATHS = NO;
				CLANG_ANALYZER_NONNULL = YES;
				CLANG_ANALYZER_NUMBER_OBJECT_CONVERSION = YES_AGGRESSIVE;
				CLANG_CXX_LANGUAGE_STANDARD = "gnu++0x";
				CLANG_CXX_LIBRARY = "libc++";
				CLANG_ENABLE_MODULES = YES;
				CLANG_ENABLE_OBJC_ARC = YES;
				CLANG_WARN_BOOL_CONVERSION = YES;
				CLANG_WARN_CONSTANT_CONVERSION = YES;
				CLANG_WARN_DIRECT_OBJC_ISA_USAGE = YES_ERROR;
				CLANG_WARN_DOCUMENTATION_COMMENTS = YES;
				CLANG_WARN_EMPTY_BODY = YES;
				CLANG_WARN_ENUM_CONVERSION = YES;
				CLANG_WARN_INFINITE_RECURSION = YES;
				CLANG_WARN_INT_CONVERSION = YES;
				CLANG_WARN_OBJC_ROOT_CLASS = YES_ERROR;
				CLANG_WARN_SUSPICIOUS_MOVE = YES;
				CLANG_WARN_UNREACHABLE_CODE = YES;
				CLANG_WARN__DUPLICATE_METHOD_MATCH = YES;
				"CODE_SIGN_IDENTITY[sdk=iphoneos*]" = "iPhone Developer";
				COPY_PHASE_STRIP = NO;
				DEBUG_INFORMATION_FORMAT = "dwarf-with-dsym";
				ENABLE_NS_ASSERTIONS = NO;
				ENABLE_STRICT_OBJC_MSGSEND = YES;
				GCC_C_LANGUAGE_STANDARD = gnu99;
				GCC_NO_COMMON_BLOCKS = YES;
				GCC_WARN_64_TO_32_BIT_CONVERSION = YES;
				GCC_WARN_ABOUT_RETURN_TYPE = YES_ERROR;
				GCC_WARN_UNDECLARED_SELECTOR = YES;
				GCC_WARN_UNINITIALIZED_AUTOS = YES_AGGRESSIVE;
				GCC_WARN_UNUSED_FUNCTION = YES;
				GCC_WARN_UNUSED_VARIABLE = YES;
				IPHONEOS_DEPLOYMENT_TARGET = 10.3;
				MTL_ENABLE_DEBUG_INFO = NO;
				SDKROOT = iphoneos;
				SWIFT_OPTIMIZATION_LEVEL = "-Owholemodule";
				VALIDATE_PRODUCT = YES;
			};
			name = Release;
		};
		367C965D1F60D6170042DA7B /* Debug */ = {
			isa = XCBuildConfiguration;
			baseConfigurationReference = 17D29E435AAA2BD44C25A651 /* Pods-CoMS.debug.xcconfig */;
			buildSettings = {
				ASSETCATALOG_COMPILER_APPICON_NAME = AppIcon;
				INFOPLIST_FILE = CoMS/Info.plist;
				IPHONEOS_DEPLOYMENT_TARGET = 10.3;
				LD_RUNPATH_SEARCH_PATHS = "$(inherited) @executable_path/Frameworks";
				PRODUCT_BUNDLE_IDENTIFIER = cse.duytan.coms;
				PRODUCT_NAME = "$(TARGET_NAME)";
				SWIFT_VERSION = 3.0;
			};
			name = Debug;
		};
		367C965E1F60D6170042DA7B /* Release */ = {
			isa = XCBuildConfiguration;
			baseConfigurationReference = F5E50CDCEE1A37C5D78122DA /* Pods-CoMS.release.xcconfig */;
			buildSettings = {
				ASSETCATALOG_COMPILER_APPICON_NAME = AppIcon;
				INFOPLIST_FILE = CoMS/Info.plist;
				IPHONEOS_DEPLOYMENT_TARGET = 10.3;
				LD_RUNPATH_SEARCH_PATHS = "$(inherited) @executable_path/Frameworks";
				PRODUCT_BUNDLE_IDENTIFIER = cse.duytan.coms;
				PRODUCT_NAME = "$(TARGET_NAME)";
				SWIFT_VERSION = 3.0;
			};
			name = Release;
		};
		367C96601F60D6170042DA7B /* Debug */ = {
			isa = XCBuildConfiguration;
			baseConfigurationReference = B3D5C3275B1C5A79706A51D8 /* Pods-CoMSTests.debug.xcconfig */;
			buildSettings = {
				ALWAYS_EMBED_SWIFT_STANDARD_LIBRARIES = YES;
				BUNDLE_LOADER = "$(TEST_HOST)";
				INFOPLIST_FILE = CoMSTests/Info.plist;
				LD_RUNPATH_SEARCH_PATHS = "$(inherited) @executable_path/Frameworks @loader_path/Frameworks";
				PRODUCT_BUNDLE_IDENTIFIER = cse.duytan.CoMSTests;
				PRODUCT_NAME = "$(TARGET_NAME)";
				SWIFT_VERSION = 3.0;
				TEST_HOST = "$(BUILT_PRODUCTS_DIR)/CoMS.app/CoMS";
			};
			name = Debug;
		};
		367C96611F60D6170042DA7B /* Release */ = {
			isa = XCBuildConfiguration;
			baseConfigurationReference = 40D25DEB4A94799F7C21976E /* Pods-CoMSTests.release.xcconfig */;
			buildSettings = {
				ALWAYS_EMBED_SWIFT_STANDARD_LIBRARIES = YES;
				BUNDLE_LOADER = "$(TEST_HOST)";
				INFOPLIST_FILE = CoMSTests/Info.plist;
				LD_RUNPATH_SEARCH_PATHS = "$(inherited) @executable_path/Frameworks @loader_path/Frameworks";
				PRODUCT_BUNDLE_IDENTIFIER = cse.duytan.CoMSTests;
				PRODUCT_NAME = "$(TARGET_NAME)";
				SWIFT_VERSION = 3.0;
				TEST_HOST = "$(BUILT_PRODUCTS_DIR)/CoMS.app/CoMS";
			};
			name = Release;
		};
		367C96631F60D6170042DA7B /* Debug */ = {
			isa = XCBuildConfiguration;
			baseConfigurationReference = 896E637A9257EE08DB105308 /* Pods-CoMSUITests.debug.xcconfig */;
			buildSettings = {
				ALWAYS_EMBED_SWIFT_STANDARD_LIBRARIES = YES;
				INFOPLIST_FILE = CoMSUITests/Info.plist;
				LD_RUNPATH_SEARCH_PATHS = "$(inherited) @executable_path/Frameworks @loader_path/Frameworks";
				PRODUCT_BUNDLE_IDENTIFIER = cse.duytan.CoMSUITests;
				PRODUCT_NAME = "$(TARGET_NAME)";
				SWIFT_VERSION = 3.0;
				TEST_TARGET_NAME = CoMS;
			};
			name = Debug;
		};
		367C96641F60D6170042DA7B /* Release */ = {
			isa = XCBuildConfiguration;
			baseConfigurationReference = 39F933E3C7C146A340BE5DCB /* Pods-CoMSUITests.release.xcconfig */;
			buildSettings = {
				ALWAYS_EMBED_SWIFT_STANDARD_LIBRARIES = YES;
				INFOPLIST_FILE = CoMSUITests/Info.plist;
				LD_RUNPATH_SEARCH_PATHS = "$(inherited) @executable_path/Frameworks @loader_path/Frameworks";
				PRODUCT_BUNDLE_IDENTIFIER = cse.duytan.CoMSUITests;
				PRODUCT_NAME = "$(TARGET_NAME)";
				SWIFT_VERSION = 3.0;
				TEST_TARGET_NAME = CoMS;
			};
			name = Release;
		};
/* End XCBuildConfiguration section */

/* Begin XCConfigurationList section */
		367C962C1F60D6170042DA7B /* Build configuration list for PBXProject "CoMS" */ = {
			isa = XCConfigurationList;
			buildConfigurations = (
				367C965A1F60D6170042DA7B /* Debug */,
				367C965B1F60D6170042DA7B /* Release */,
			);
			defaultConfigurationIsVisible = 0;
			defaultConfigurationName = Release;
		};
		367C965C1F60D6170042DA7B /* Build configuration list for PBXNativeTarget "CoMS" */ = {
			isa = XCConfigurationList;
			buildConfigurations = (
				367C965D1F60D6170042DA7B /* Debug */,
				367C965E1F60D6170042DA7B /* Release */,
			);
			defaultConfigurationIsVisible = 0;
			defaultConfigurationName = Release;
		};
		367C965F1F60D6170042DA7B /* Build configuration list for PBXNativeTarget "CoMSTests" */ = {
			isa = XCConfigurationList;
			buildConfigurations = (
				367C96601F60D6170042DA7B /* Debug */,
				367C96611F60D6170042DA7B /* Release */,
			);
			defaultConfigurationIsVisible = 0;
			defaultConfigurationName = Release;
		};
		367C96621F60D6170042DA7B /* Build configuration list for PBXNativeTarget "CoMSUITests" */ = {
			isa = XCConfigurationList;
			buildConfigurations = (
				367C96631F60D6170042DA7B /* Debug */,
				367C96641F60D6170042DA7B /* Release */,
			);
			defaultConfigurationIsVisible = 0;
			defaultConfigurationName = Release;
		};
/* End XCConfigurationList section */

/* Begin XCVersionGroup section */
		367C963B1F60D6170042DA7B /* CoMS.xcdatamodeld */ = {
			isa = XCVersionGroup;
			children = (
				367C963C1F60D6170042DA7B /* CoMS.xcdatamodel */,
			);
			currentVersion = 367C963C1F60D6170042DA7B /* CoMS.xcdatamodel */;
			path = CoMS.xcdatamodeld;
			sourceTree = "<group>";
			versionGroupType = wrapper.xcdatamodel;
		};
/* End XCVersionGroup section */
	};
	rootObject = 367C96291F60D6170042DA7B /* Project object */;
}
